
Microsoft Visual Studio Solution File, Format Version 12.00
# Visual Studio 15
VisualStudioVersion = 15.0.28307.421
MinimumVisualStudioVersion = 10.0.40219.1
Project("{FAE04EC0-301F-11D3-BF4B-00C04F79EFBC}") = "BeerProjectTask.WebUI", "BeerProjectTask.WebUI\BeerProjectTask.WebUI.csproj", "{86F9F312-2380-4094-A6E2-A123505BD53D}"
EndProject
Global
	GlobalSection(SolutionConfigurationPlatforms) = preSolution
		Debug|Any CPU = Debug|Any CPU
		Release|Any CPU = Release|Any CPU
	EndGlobalSection
	GlobalSection(ProjectConfigurationPlatforms) = postSolution
		{86F9F312-2380-4094-A6E2-A123505BD53D}.Debug|Any CPU.ActiveCfg = Debug|Any CPU
		{86F9F312-2380-4094-A6E2-A123505BD53D}.Debug|Any CPU.Build.0 = Debug|Any CPU
		{86F9F312-2380-4094-A6E2-A123505BD53D}.Release|Any CPU.ActiveCfg = Release|Any CPU
		{86F9F312-2380-4094-A6E2-A123505BD53D}.Release|Any CPU.Build.0 = Release|Any CPU
	EndGlobalSection
	GlobalSection(SolutionProperties) = preSolution
		HideSolutionNode = FALSE
	EndGlobalSection
	GlobalSection(ExtensibilityGlobals) = postSolution
		SolutionGuid = {8307CD1E-ECD5-42B7-82C2-3CF2C3EC466D}
	EndGlobalSection
EndGlobal
